{
  "nodes": {
    "cardano-js-sdk": {
      "flake": false,
      "locked": {
        "lastModified": 1722478640,
        "narHash": "sha256-DoMQ+CX4PK3rK5Ub0Bbv4WNlFFYF6RcWdrX8o7ZslxU=",
        "owner": "input-output-hk",
        "repo": "cardano-js-sdk",
        "rev": "5a66f9195f98c66f1599693f1ffa6c9d4d27cd8e",
        "type": "github"
      },
      "original": {
        "owner": "input-output-hk",
        "ref": "@cardano-sdk/cardano-services@0.29.2",
        "repo": "cardano-js-sdk",
        "type": "github"
      }
    },
    "cardano-node": {
      "flake": false,
      "locked": {
        "lastModified": 1721843629,
        "narHash": "sha256-F5wgRA820x16f+8c/LlEEBG0rMJIA1XWw6X0ZwX5UWs=",
        "owner": "IntersectMBO",
        "repo": "cardano-node",
        "rev": "176f99e51155cb3eaa0711db1c3c969d67438958",
        "type": "github"
      },
      "original": {
        "owner": "IntersectMBO",
        "ref": "9.1.0",
        "repo": "cardano-node",
        "type": "github"
      }
    },
    "crane": {
      "inputs": {
        "nixpkgs": [
          "mithril",
          "nixpkgs"
        ]
      },
      "locked": {
        "lastModified": 1717535930,
        "narHash": "sha256-1hZ/txnbd/RmiBPNUs7i8UQw2N89uAK3UzrGAWdnFfU=",
        "owner": "ipetkov",
        "repo": "crane",
        "rev": "55e7754ec31dac78980c8be45f8a28e80e370946",
        "type": "github"
      },
      "original": {
        "owner": "ipetkov",
        "repo": "crane",
        "type": "github"
      }
    },
    "flake-compat": {
      "flake": false,
      "locked": {
        "lastModified": 1635892615,
        "narHash": "sha256-harGbMZr4hzat2BWBU+Y5OYXlu+fVz7E4WeQzHi5o8A=",
        "owner": "input-output-hk",
        "repo": "flake-compat",
        "rev": "eca47d3377946315596da653862d341ee5341318",
        "type": "github"
      },
      "original": {
        "owner": "input-output-hk",
        "repo": "flake-compat",
        "type": "github"
      }
    },
    "flake-parts": {
      "inputs": {
        "nixpkgs-lib": "nixpkgs-lib"
      },
      "locked": {
        "lastModified": 1717285511,
        "narHash": "sha256-iKzJcpdXih14qYVcZ9QC9XuZYnPc6T8YImb6dX166kw=",
        "owner": "hercules-ci",
        "repo": "flake-parts",
        "rev": "2a55567fcf15b1b1c7ed712a2c6fadaec7412ea8",
        "type": "github"
      },
      "original": {
        "owner": "hercules-ci",
        "repo": "flake-parts",
        "type": "github"
      }
    },
    "mithril": {
      "inputs": {
        "crane": "crane",
        "flake-parts": "flake-parts",
        "nixpkgs": "nixpkgs",
        "treefmt-nix": "treefmt-nix"
      },
      "locked": {
        "lastModified": 1721986510,
        "narHash": "sha256-Qk8aEY1nyo6f+cCY6M/4YRSXtn7u31oM1lnPm3Ys80U=",
        "owner": "input-output-hk",
        "repo": "mithril",
        "rev": "52a7beb77c537b54fcb1ca171bf1b1c0c059bad8",
        "type": "github"
      },
      "original": {
        "owner": "input-output-hk",
        "ref": "2430.0",
        "repo": "mithril",
        "type": "github"
      }
    },
    "nix-bundle-exe": {
      "flake": false,
      "locked": {
        "lastModified": 1682949567,
        "narHash": "sha256-K9PT8LVvTLOm3gX9ZFxag0X85DFgB2vvJB+S12disWw=",
        "owner": "3noch",
        "repo": "nix-bundle-exe",
        "rev": "3522ae68aa4188f4366ed96b41a5881d6a88af97",
        "type": "github"
      },
      "original": {
        "owner": "3noch",
        "repo": "nix-bundle-exe",
        "type": "github"
      }
    },
    "nixpkgs": {
      "locked": {
        "lastModified": 1717459389,
        "narHash": "sha256-I8/plBsua4/NZ5bKgj+z7/ThiWuud1YFwLsn1QQ5PgE=",
        "owner": "nixos",
        "repo": "nixpkgs",
        "rev": "3b01abcc24846ae49957b30f4345bab4b3f1d14b",
        "type": "github"
      },
      "original": {
        "owner": "nixos",
        "ref": "nixpkgs-unstable",
        "repo": "nixpkgs",
        "type": "github"
      }
    },
    "nixpkgs-lib": {
      "locked": {
        "lastModified": 1717284937,
        "narHash": "sha256-lIbdfCsf8LMFloheeE6N31+BMIeixqyQWbSr2vk79EQ=",
        "type": "tarball",
        "url": "https://github.com/NixOS/nixpkgs/archive/eb9ceca17df2ea50a250b6b27f7bf6ab0186f198.tar.gz"
      },
      "original": {
        "type": "tarball",
        "url": "https://github.com/NixOS/nixpkgs/archive/eb9ceca17df2ea50a250b6b27f7bf6ab0186f198.tar.gz"
      }
    },
    "nixpkgs-nsis": {
      "flake": false,
      "locked": {
        "lastModified": 1547508252,
        "narHash": "sha256-ivcmGg01aeeod0rzjMJ86exUNHHRJu4526rGq9s7rJU=",
        "owner": "input-output-hk",
        "repo": "nixpkgs",
        "rev": "be445a9074f139d63e704fa82610d25456562c3d",
        "type": "github"
      },
      "original": {
        "owner": "input-output-hk",
        "repo": "nixpkgs",
        "rev": "be445a9074f139d63e704fa82610d25456562c3d",
        "type": "github"
      }
    },
    "nixpkgs_2": {
      "locked": {
        "lastModified": 1682566018,
        "narHash": "sha256-HPzPRFiy2o/7k7mtnwfM1E6NVZHiFbPdmYCMoIpkHO4=",
        "owner": "nixos",
        "repo": "nixpkgs",
        "rev": "8e3b64db39f2aaa14b35ee5376bd6a2e707cadc2",
        "type": "github"
      },
      "original": {
        "owner": "nixos",
        "ref": "nixpkgs-unstable",
        "repo": "nixpkgs",
        "type": "github"
      }
    },
    "ogmios": {
      "flake": false,
      "locked": {
        "lastModified": 1720778275,
        "narHash": "sha256-OpUeVbztfLy+9d2M5w2Jgx1b/IhDNAQdlr/eP1iKUQI=",
        "owner": "CardanoSolutions",
        "repo": "ogmios",
        "rev": "63a9e9d33eadbca22d1ecc90b9623b962148d174",
        "type": "github"
      },
      "original": {
        "owner": "CardanoSolutions",
        "ref": "v6.5.0",
        "repo": "ogmios",
        "type": "github"
      }
    },
    "root": {
      "inputs": {
        "cardano-js-sdk": "cardano-js-sdk",
        "cardano-node": "cardano-node",
        "flake-compat": "flake-compat",
        "mithril": "mithril",
        "nix-bundle-exe": "nix-bundle-exe",
        "nixpkgs": "nixpkgs_2",
        "nixpkgs-nsis": "nixpkgs-nsis",
        "ogmios": "ogmios"
      }
    },
    "treefmt-nix": {
      "inputs": {
        "nixpkgs": [
          "mithril",
          "nixpkgs"
        ]
      },
      "locked": {
        "lastModified": 1717278143,
        "narHash": "sha256-u10aDdYrpiGOLoxzY/mJ9llST9yO8Q7K/UlROoNxzDw=",
        "owner": "numtide",
        "repo": "treefmt-nix",
        "rev": "3eb96ca1ae9edf792a8e0963cc92fddfa5a87706",
        "type": "github"
      },
      "original": {
        "owner": "numtide",
        "repo": "treefmt-nix",
        "type": "github"
      }
    }
  },
  "root": "root",
  "version": 7
}
