{
  "nodes": {
    "cardano-js-sdk": {
      "flake": false,
      "locked": {
        "lastModified": 1723456089,
        "narHash": "sha256-DSfupY2MmVV1IyflasikEnM6uAg//QsNlhLlQOrlL6M=",
        "owner": "input-output-hk",
        "repo": "cardano-js-sdk",
        "rev": "6656a271b2d2240631db87d6a90d0de3b4612d06",
        "type": "github"
      },
      "original": {
        "owner": "input-output-hk",
        "ref": "pull/1416/head",
        "repo": "cardano-js-sdk",
        "type": "github"
      }
    },
    "cardano-node": {
      "flake": false,
      "locked": {
        "lastModified": 1721843629,
        "narHash": "sha256-F5wgRA820x16f+8c/LlEEBG0rMJIA1XWw6X0ZwX5UWs=",
        "owner": "IntersectMBO",
        "repo": "cardano-node",
        "rev": "176f99e51155cb3eaa0711db1c3c969d67438958",
        "type": "github"
      },
      "original": {
        "owner": "IntersectMBO",
        "ref": "9.1.0",
        "repo": "cardano-node",
        "type": "github"
      }
    },
    "crane": {
      "inputs": {
        "nixpkgs": [
          "mithril",
          "nixpkgs"
        ]
      },
      "locked": {
        "lastModified": 1721842668,
        "narHash": "sha256-k3oiD2z2AAwBFLa4+xfU+7G5fisRXfkvrMTCJrjZzXo=",
        "owner": "ipetkov",
        "repo": "crane",
        "rev": "529c1a0b1f29f0d78fa3086b8f6a134c71ef3aaf",
        "type": "github"
      },
      "original": {
        "owner": "ipetkov",
        "repo": "crane",
        "type": "github"
      }
    },
    "flake-compat": {
      "flake": false,
      "locked": {
        "lastModified": 1635892615,
        "narHash": "sha256-harGbMZr4hzat2BWBU+Y5OYXlu+fVz7E4WeQzHi5o8A=",
        "owner": "input-output-hk",
        "repo": "flake-compat",
        "rev": "eca47d3377946315596da653862d341ee5341318",
        "type": "github"
      },
      "original": {
        "owner": "input-output-hk",
        "repo": "flake-compat",
        "type": "github"
      }
    },
    "flake-parts": {
      "inputs": {
        "nixpkgs-lib": "nixpkgs-lib"
      },
      "locked": {
        "lastModified": 1719994518,
        "narHash": "sha256-pQMhCCHyQGRzdfAkdJ4cIWiw+JNuWsTX7f0ZYSyz0VY=",
        "owner": "hercules-ci",
        "repo": "flake-parts",
        "rev": "9227223f6d922fee3c7b190b2cc238a99527bbb7",
        "type": "github"
      },
      "original": {
        "owner": "hercules-ci",
        "repo": "flake-parts",
        "type": "github"
      }
    },
    "mithril": {
      "inputs": {
        "crane": "crane",
        "flake-parts": "flake-parts",
        "nixpkgs": "nixpkgs",
        "treefmt-nix": "treefmt-nix"
      },
      "locked": {
        "lastModified": 1723214204,
        "narHash": "sha256-fQudnmMmvwKgRZ9Msa+QodJCMtFFFsxnfl9KQSXyX6Q=",
        "owner": "input-output-hk",
        "repo": "mithril",
        "rev": "650f2db55039b38a69fb62a928862369d6ba0d17",
        "type": "github"
      },
      "original": {
        "owner": "input-output-hk",
        "ref": "pull/1885/head",
        "repo": "mithril",
        "type": "github"
      }
    },
    "nix-bundle-exe": {
      "flake": false,
      "locked": {
        "lastModified": 1682949567,
        "narHash": "sha256-K9PT8LVvTLOm3gX9ZFxag0X85DFgB2vvJB+S12disWw=",
        "owner": "3noch",
        "repo": "nix-bundle-exe",
        "rev": "3522ae68aa4188f4366ed96b41a5881d6a88af97",
        "type": "github"
      },
      "original": {
        "owner": "3noch",
        "repo": "nix-bundle-exe",
        "type": "github"
      }
    },
    "nixpkgs": {
      "locked": {
        "lastModified": 1721933792,
        "narHash": "sha256-zYVwABlQnxpbaHMfX6Wt9jhyQstFYwN2XjleOJV3VVg=",
        "owner": "nixos",
        "repo": "nixpkgs",
        "rev": "2122a9b35b35719ad9a395fe783eabb092df01b1",
        "type": "github"
      },
      "original": {
        "owner": "nixos",
        "ref": "nixpkgs-unstable",
        "repo": "nixpkgs",
        "type": "github"
      }
    },
    "nixpkgs-lib": {
      "locked": {
        "lastModified": 1719876945,
        "narHash": "sha256-Fm2rDDs86sHy0/1jxTOKB1118Q0O3Uc7EC0iXvXKpbI=",
        "type": "tarball",
        "url": "https://github.com/NixOS/nixpkgs/archive/5daf0514482af3f97abaefc78a6606365c9108e2.tar.gz"
      },
      "original": {
        "type": "tarball",
        "url": "https://github.com/NixOS/nixpkgs/archive/5daf0514482af3f97abaefc78a6606365c9108e2.tar.gz"
      }
    },
    "nixpkgs-nsis": {
      "flake": false,
      "locked": {
        "lastModified": 1547508252,
        "narHash": "sha256-ivcmGg01aeeod0rzjMJ86exUNHHRJu4526rGq9s7rJU=",
        "owner": "input-output-hk",
        "repo": "nixpkgs",
        "rev": "be445a9074f139d63e704fa82610d25456562c3d",
        "type": "github"
      },
      "original": {
        "owner": "input-output-hk",
        "repo": "nixpkgs",
        "rev": "be445a9074f139d63e704fa82610d25456562c3d",
        "type": "github"
      }
    },
    "nixpkgs_2": {
      "locked": {
        "lastModified": 1682566018,
        "narHash": "sha256-HPzPRFiy2o/7k7mtnwfM1E6NVZHiFbPdmYCMoIpkHO4=",
        "owner": "nixos",
        "repo": "nixpkgs",
        "rev": "8e3b64db39f2aaa14b35ee5376bd6a2e707cadc2",
        "type": "github"
      },
      "original": {
        "owner": "nixos",
        "ref": "nixpkgs-unstable",
        "repo": "nixpkgs",
        "type": "github"
      }
    },
    "ogmios": {
      "flake": false,
      "locked": {
        "lastModified": 1720778275,
        "narHash": "sha256-OpUeVbztfLy+9d2M5w2Jgx1b/IhDNAQdlr/eP1iKUQI=",
        "owner": "CardanoSolutions",
        "repo": "ogmios",
        "rev": "63a9e9d33eadbca22d1ecc90b9623b962148d174",
        "type": "github"
      },
      "original": {
        "owner": "CardanoSolutions",
        "ref": "v6.5.0",
        "repo": "ogmios",
        "type": "github"
      }
    },
    "root": {
      "inputs": {
        "cardano-js-sdk": "cardano-js-sdk",
        "cardano-node": "cardano-node",
        "flake-compat": "flake-compat",
        "mithril": "mithril",
        "nix-bundle-exe": "nix-bundle-exe",
        "nixpkgs": "nixpkgs_2",
        "nixpkgs-nsis": "nixpkgs-nsis",
        "ogmios": "ogmios"
      }
    },
    "treefmt-nix": {
      "inputs": {
        "nixpkgs": [
          "mithril",
          "nixpkgs"
        ]
      },
      "locked": {
        "lastModified": 1721769617,
        "narHash": "sha256-6Pqa0bi5nV74IZcENKYRToRNM5obo1EQ+3ihtunJ014=",
        "owner": "numtide",
        "repo": "treefmt-nix",
        "rev": "8db8970be1fb8be9c845af7ebec53b699fe7e009",
        "type": "github"
      },
      "original": {
        "owner": "numtide",
        "repo": "treefmt-nix",
        "type": "github"
      }
    }
  },
  "root": "root",
  "version": 7
}
