{
  "nodes": {
    "cardano-js-sdk": {
      "flake": false,
      "locked": {
        "lastModified": 1721892112,
        "narHash": "sha256-vy8G3TjFJuSwW8rn5kqzG+z0tp+cjv8ql/2C+OiE+wo=",
        "owner": "input-output-hk",
        "repo": "cardano-js-sdk",
        "rev": "8251245efc792b61a6a5c2be4b42fcbaeaf2312a",
        "type": "github"
      },
      "original": {
        "owner": "input-output-hk",
        "ref": "@cardano-sdk/cardano-services@0.28.14",
        "repo": "cardano-js-sdk",
        "type": "github"
      }
    },
    "cardano-node": {
      "flake": false,
      "locked": {
        "lastModified": 1712656951,
        "narHash": "sha256-YwV2uvau+/ORON4mbHVLsyEPzpSmiNEhiSzsjLp62fs=",
        "owner": "IntersectMBO",
        "repo": "cardano-node",
        "rev": "424983fa186786397f5a99539f51710abf62c37b",
        "type": "github"
      },
      "original": {
        "owner": "IntersectMBO",
        "ref": "8.9.2",
        "repo": "cardano-node",
        "type": "github"
      }
    },
    "cardano-node-for-building-ogmios": {
      "flake": false,
      "locked": {
        "lastModified": 1713857353,
        "narHash": "sha256-Ss5MHb8DTFlBXlWqyjW5hzwEI9i/SEx3xXASXtxxTlM=",
        "owner": "IntersectMBO",
        "repo": "cardano-node",
        "rev": "1ffe4a57137000b99ae2f148eaf763bc55f0ed89",
        "type": "github"
      },
      "original": {
        "owner": "IntersectMBO",
        "ref": "8.10.1-pre",
        "repo": "cardano-node",
        "type": "github"
      }
    },
    "crane": {
      "inputs": {
        "nixpkgs": [
          "mithril",
          "nixpkgs"
        ]
      },
      "locked": {
        "lastModified": 1717535930,
        "narHash": "sha256-1hZ/txnbd/RmiBPNUs7i8UQw2N89uAK3UzrGAWdnFfU=",
        "owner": "ipetkov",
        "repo": "crane",
        "rev": "55e7754ec31dac78980c8be45f8a28e80e370946",
        "type": "github"
      },
      "original": {
        "owner": "ipetkov",
        "repo": "crane",
        "type": "github"
      }
    },
    "flake-compat": {
      "flake": false,
      "locked": {
        "lastModified": 1635892615,
        "narHash": "sha256-harGbMZr4hzat2BWBU+Y5OYXlu+fVz7E4WeQzHi5o8A=",
        "owner": "input-output-hk",
        "repo": "flake-compat",
        "rev": "eca47d3377946315596da653862d341ee5341318",
        "type": "github"
      },
      "original": {
        "owner": "input-output-hk",
        "repo": "flake-compat",
        "type": "github"
      }
    },
    "flake-parts": {
      "inputs": {
        "nixpkgs-lib": "nixpkgs-lib"
      },
      "locked": {
        "lastModified": 1717285511,
        "narHash": "sha256-iKzJcpdXih14qYVcZ9QC9XuZYnPc6T8YImb6dX166kw=",
        "owner": "hercules-ci",
        "repo": "flake-parts",
        "rev": "2a55567fcf15b1b1c7ed712a2c6fadaec7412ea8",
        "type": "github"
      },
      "original": {
        "owner": "hercules-ci",
        "repo": "flake-parts",
        "type": "github"
      }
    },
    "mithril": {
      "inputs": {
        "crane": "crane",
        "flake-parts": "flake-parts",
        "nixpkgs": "nixpkgs",
        "treefmt-nix": "treefmt-nix"
      },
      "locked": {
        "lastModified": 1717661254,
        "narHash": "sha256-64Wh1eP80BWqlqiv7i+WSUdIkwsDZmEPNqO09+W5o48=",
        "owner": "input-output-hk",
        "repo": "mithril",
        "rev": "665621d391b7163ab3d1c76aba228b93a7cfe12d",
        "type": "github"
      },
      "original": {
        "owner": "input-output-hk",
        "ref": "2423.0",
        "repo": "mithril",
        "type": "github"
      }
    },
    "nix-bundle-exe": {
      "flake": false,
      "locked": {
        "lastModified": 1682949567,
        "narHash": "sha256-K9PT8LVvTLOm3gX9ZFxag0X85DFgB2vvJB+S12disWw=",
        "owner": "3noch",
        "repo": "nix-bundle-exe",
        "rev": "3522ae68aa4188f4366ed96b41a5881d6a88af97",
        "type": "github"
      },
      "original": {
        "owner": "3noch",
        "repo": "nix-bundle-exe",
        "type": "github"
      }
    },
    "nixpkgs": {
      "locked": {
        "lastModified": 1717459389,
        "narHash": "sha256-I8/plBsua4/NZ5bKgj+z7/ThiWuud1YFwLsn1QQ5PgE=",
        "owner": "nixos",
        "repo": "nixpkgs",
        "rev": "3b01abcc24846ae49957b30f4345bab4b3f1d14b",
        "type": "github"
      },
      "original": {
        "owner": "nixos",
        "ref": "nixpkgs-unstable",
        "repo": "nixpkgs",
        "type": "github"
      }
    },
    "nixpkgs-lib": {
      "locked": {
        "lastModified": 1717284937,
        "narHash": "sha256-lIbdfCsf8LMFloheeE6N31+BMIeixqyQWbSr2vk79EQ=",
        "type": "tarball",
        "url": "https://github.com/NixOS/nixpkgs/archive/eb9ceca17df2ea50a250b6b27f7bf6ab0186f198.tar.gz"
      },
      "original": {
        "type": "tarball",
        "url": "https://github.com/NixOS/nixpkgs/archive/eb9ceca17df2ea50a250b6b27f7bf6ab0186f198.tar.gz"
      }
    },
    "nixpkgs-nsis": {
      "flake": false,
      "locked": {
        "lastModified": 1547508252,
        "narHash": "sha256-ivcmGg01aeeod0rzjMJ86exUNHHRJu4526rGq9s7rJU=",
        "owner": "input-output-hk",
        "repo": "nixpkgs",
        "rev": "be445a9074f139d63e704fa82610d25456562c3d",
        "type": "github"
      },
      "original": {
        "owner": "input-output-hk",
        "repo": "nixpkgs",
        "rev": "be445a9074f139d63e704fa82610d25456562c3d",
        "type": "github"
      }
    },
    "nixpkgs_2": {
      "locked": {
        "lastModified": 1682566018,
        "narHash": "sha256-HPzPRFiy2o/7k7mtnwfM1E6NVZHiFbPdmYCMoIpkHO4=",
        "owner": "nixos",
        "repo": "nixpkgs",
        "rev": "8e3b64db39f2aaa14b35ee5376bd6a2e707cadc2",
        "type": "github"
      },
      "original": {
        "owner": "nixos",
        "ref": "nixpkgs-unstable",
        "repo": "nixpkgs",
        "type": "github"
      }
    },
    "ogmios": {
      "flake": false,
      "locked": {
        "lastModified": 1715097238,
        "narHash": "sha256-HPNBl9TulLHxlOUoCOsyMPBJoQ8MMjSCvAtgdJE271g=",
        "owner": "CardanoSolutions",
        "repo": "ogmios",
        "rev": "f6fd8d68f35a4349398bf5ba96d6ce9e18d63a03",
        "type": "github"
      },
      "original": {
        "owner": "CardanoSolutions",
        "ref": "v6.3.0",
        "repo": "ogmios",
        "type": "github"
      }
    },
    "root": {
      "inputs": {
        "cardano-js-sdk": "cardano-js-sdk",
        "cardano-node": "cardano-node",
        "cardano-node-for-building-ogmios": "cardano-node-for-building-ogmios",
        "flake-compat": "flake-compat",
        "mithril": "mithril",
        "nix-bundle-exe": "nix-bundle-exe",
        "nixpkgs": "nixpkgs_2",
        "nixpkgs-nsis": "nixpkgs-nsis",
        "ogmios": "ogmios"
      }
    },
    "treefmt-nix": {
      "inputs": {
        "nixpkgs": [
          "mithril",
          "nixpkgs"
        ]
      },
      "locked": {
        "lastModified": 1717278143,
        "narHash": "sha256-u10aDdYrpiGOLoxzY/mJ9llST9yO8Q7K/UlROoNxzDw=",
        "owner": "numtide",
        "repo": "treefmt-nix",
        "rev": "3eb96ca1ae9edf792a8e0963cc92fddfa5a87706",
        "type": "github"
      },
      "original": {
        "owner": "numtide",
        "repo": "treefmt-nix",
        "type": "github"
      }
    }
  },
  "root": "root",
  "version": 7
}
