# This file is generated by running "yarn install" inside your project.
# Manual changes might be lost - proceed with caution!

__metadata:
  version: 6
  cacheKey: 8

"husky@npm:^7.0.1":
  version: 7.0.4
  resolution: "husky@npm:7.0.4"
  bin:
    husky: lib/bin.js
  checksum: c6ec4af63da2c9522da8674a20ad9b48362cc92704896cc8a58c6a2a39d797feb2b806f93fbd83a6d653fbdceb2c3b6e0b602c6b2e8565206ffc2882ef7db9e9
  languageName: node
  linkType: hard

"lace@workspace:.":
  version: 0.0.0-use.local
  resolution: "lace@workspace:."
  dependencies:
    husky: ^7.0.1
  languageName: unknown
  linkType: soft
